
Microsoft Visual Studio Solution File, Format Version 12.00
# Visual Studio Version 17
VisualStudioVersion = 17.4.33213.308
MinimumVisualStudioVersion = 10.0.40219.1
Project("{FAE04EC0-301F-11D3-BF4B-00C04F79EFBC}") = "DominoApi", "DominoApi.csproj", "{ABD314B9-7074-4547-AF83-317048B43146}"
EndProject
Global
	GlobalSection(SolutionConfigurationPlatforms) = preSolution
		Debug|Any CPU = Debug|Any CPU
		Release|Any CPU = Release|Any CPU
	EndGlobalSection
	GlobalSection(ProjectConfigurationPlatforms) = postSolution
		{ABD314B9-7074-4547-AF83-317048B43146}.Debug|Any CPU.ActiveCfg = Debug|Any CPU
		{ABD314B9-7074-4547-AF83-317048B43146}.Debug|Any CPU.Build.0 = Debug|Any CPU
		{ABD314B9-7074-4547-AF83-317048B43146}.Release|Any CPU.ActiveCfg = Release|Any CPU
		{ABD314B9-7074-4547-AF83-317048B43146}.Release|Any CPU.Build.0 = Release|Any CPU
	EndGlobalSection
	GlobalSection(SolutionProperties) = preSolution
		HideSolutionNode = FALSE
	EndGlobalSection
	GlobalSection(ExtensibilityGlobals) = postSolution
		SolutionGuid = {DF4B127B-F8BD-4A0B-B53E-B82868073952}
	EndGlobalSection
EndGlobal
